<?xml version="1.0" encoding="utf-8"?>
<Project ToolsVersion="4.0" xmlns="http://schemas.microsoft.com/developer/msbuild/2003">
  <ItemGroup>
    <Filter Include="Файлы исходного кода">
      <UniqueIdentifier>{4FC737F1-C7A5-4376-A066-2A32D752A2FF}</UniqueIdentifier>
      <Extensions>cpp;c;cc;cxx;def;odl;idl;hpj;bat;asm;asmx</Extensions>
    </Filter>
    <Filter Include="Заголовочные файлы">
      <UniqueIdentifier>{93995380-89BD-4b04-88EB-625FBE52EBFB}</UniqueIdentifier>
      <Extensions>h;hh;hpp;hxx;hm;inl;inc;xsd</Extensions>
    </Filter>
    <Filter Include="Файлы ресурсов">
      <UniqueIdentifier>{67DA6AB6-F800-4c08-8B7A-83BB121AAD01}</UniqueIdentifier>
      <Extensions>rc;ico;cur;bmp;dlg;rc2;rct;bin;rgs;gif;jpg;jpeg;jpe;resx;tiff;tif;png;wav;mfcribbon-ms</Extensions>
    </Filter>
    <Filter Include="Заголовочные файлы\classes">
      <UniqueIdentifier>{74a5baab-338f-40ea-b56e-2e5abbd19ae2}</UniqueIdentifier>
    </Filter>
    <Filter Include="Файлы исходного кода\classes">
      <UniqueIdentifier>{ba6919b6-001f-4a71-b2c5-122f570b640a}</UniqueIdentifier>
    </Filter>
    <Filter Include="Файлы исходного кода\Search">
      <UniqueIdentifier>{3eb743e6-375b-475b-bbdd-d1bc664631d5}</UniqueIdentifier>
    </Filter>
    <Filter Include="Файлы исходного кода\Search\BasicFunctions">
      <UniqueIdentifier>{bb47201b-0552-4047-8cd2-3c363b3ba567}</UniqueIdentifier>
    </Filter>
    <Filter Include="Заголовочные файлы\Search">
      <UniqueIdentifier>{19d0fd2c-048a-42fe-931e-db7e5e346e85}</UniqueIdentifier>
    </Filter>
    <Filter Include="Заголовочные файлы\Search\BasicFunctions">
      <UniqueIdentifier>{c59cdd76-387e-4aa5-b2af-798b28217e89}</UniqueIdentifier>
    </Filter>
    <Filter Include="statistics_func">
      <UniqueIdentifier>{13beb9ff-3a8e-44d2-88f0-1e8e6391836b}</UniqueIdentifier>
    </Filter>
  </ItemGroup>
  <ItemGroup>
    <ClInclude Include="..\..\include\Board.h">
      <Filter>Заголовочные файлы\classes</Filter>
    </ClInclude>
    <ClInclude Include="..\..\include\Cache.h">
      <Filter>Заголовочные файлы\classes</Filter>
    </ClInclude>
    <ClInclude Include="..\..\include\ListOfCheckers.h">
      <Filter>Заголовочные файлы\classes</Filter>
    </ClInclude>
    <ClInclude Include="..\..\include\Move.h">
      <Filter>Заголовочные файлы\classes</Filter>
    </ClInclude>
    <ClInclude Include="..\..\include\CheckCall.h">
      <Filter>Заголовочные файлы</Filter>
    </ClInclude>
    <ClInclude Include="..\..\include\Checker.h">
      <Filter>Заголовочные файлы\classes</Filter>
    </ClInclude>
    <ClInclude Include="..\..\include\FunctionsMove.h">
      <Filter>Заголовочные файлы\Search\BasicFunctions</Filter>
    </ClInclude>
    <ClInclude Include="..\..\include\BasicFunctions.h">
      <Filter>Заголовочные файлы\Search\BasicFunctions</Filter>
    </ClInclude>
    <ClInclude Include="..\..\include\Search.h">
      <Filter>Заголовочные файлы\Search</Filter>
    </ClInclude>
    <ClInclude Include="..\..\include\Bot.h">
      <Filter>Заголовочные файлы</Filter>
    </ClInclude>
    <ClInclude Include="..\..\include\statistics_func.h">
      <Filter>statistics_func</Filter>
    </ClInclude>
  </ItemGroup>
  <ItemGroup>
    <ClCompile Include="..\..\checkers\Board.cpp">
      <Filter>Файлы исходного кода\classes</Filter>
    </ClCompile>
    <ClCompile Include="..\..\checkers\ListOfCheckers.cpp">
      <Filter>Файлы исходного кода\classes</Filter>
    </ClCompile>
    <ClCompile Include="CheckCall.cpp">
      <Filter>Файлы исходного кода</Filter>
    </ClCompile>
    <ClCompile Include="..\..\checkers\Move.cpp">
      <Filter>Файлы исходного кода\classes</Filter>
    </ClCompile>
    <ClCompile Include="..\..\checkers\Evaluate.cpp">
      <Filter>Файлы исходного кода\Search\BasicFunctions</Filter>
    </ClCompile>
    <ClCompile Include="..\..\checkers\FunctionsMove.cpp">
      <Filter>Файлы исходного кода\Search\BasicFunctions</Filter>
    </ClCompile>
    <ClCompile Include="..\..\checkers\Generate.cpp">
      <Filter>Файлы исходного кода\Search\BasicFunctions</Filter>
    </ClCompile>
    <ClCompile Include="..\..\checkers\MakeMove.cpp">
      <Filter>Файлы исходного кода\Search\BasicFunctions</Filter>
    </ClCompile>
    <ClCompile Include="..\..\checkers\Bot.cpp">
      <Filter>Файлы исходного кода</Filter>
    </ClCompile>
    <ClCompile Include="..\..\checkers\Search.cpp">
      <Filter>Файлы исходного кода\Search</Filter>
    </ClCompile>
    <ClCompile Include="..\..\checkers\SearchForBot.cpp">
      <Filter>Файлы исходного кода\Search</Filter>
    </ClCompile>
    <ClCompile Include="..\..\statics_func\statistics_func.cpp">
      <Filter>statistics_func</Filter>
    </ClCompile>
  </ItemGroup>
</Project>