<?xml version="1.0" encoding="utf-8"?>
<Project ToolsVersion="4.0" xmlns="http://schemas.microsoft.com/developer/msbuild/2003">
  <ItemGroup>
    <Filter Include="Файлы исходного кода">
      <UniqueIdentifier>{4FC737F1-C7A5-4376-A066-2A32D752A2FF}</UniqueIdentifier>
      <Extensions>cpp;c;cc;cxx;def;odl;idl;hpj;bat;asm;asmx</Extensions>
    </Filter>
    <Filter Include="Заголовочные файлы">
      <UniqueIdentifier>{93995380-89BD-4b04-88EB-625FBE52EBFB}</UniqueIdentifier>
      <Extensions>h;hh;hpp;hxx;hm;inl;inc;xsd</Extensions>
    </Filter>
    <Filter Include="Файлы ресурсов">
      <UniqueIdentifier>{67DA6AB6-F800-4c08-8B7A-83BB121AAD01}</UniqueIdentifier>
      <Extensions>rc;ico;cur;bmp;dlg;rc2;rct;bin;rgs;gif;jpg;jpeg;jpe;resx;tiff;tif;png;wav;mfcribbon-ms</Extensions>
    </Filter>
    <Filter Include="Файлы исходного кода\tests for BasicFunclions">
      <UniqueIdentifier>{fcc94fac-e724-40e3-adc2-fd9c3e142f50}</UniqueIdentifier>
    </Filter>
    <Filter Include="Файлы исходного кода\tests for classes">
      <UniqueIdentifier>{d83cd347-c4c1-4c86-a00d-c13d000d72ed}</UniqueIdentifier>
    </Filter>
    <Filter Include="Файлы исходного кода\tests for Search">
      <UniqueIdentifier>{fdade5fb-fdbf-46cf-b557-06c014dec860}</UniqueIdentifier>
    </Filter>
    <Filter Include="Файлы исходного кода\Search for testing">
      <UniqueIdentifier>{2a33e6b3-697d-492b-b0f2-e8be7afd46a5}</UniqueIdentifier>
    </Filter>
    <Filter Include="Файлы исходного кода\tests for Search\tests for TestSearch">
      <UniqueIdentifier>{06ca996d-cd4c-4fdc-99e9-088a21ebff1a}</UniqueIdentifier>
    </Filter>
    <Filter Include="Файлы исходного кода\tests for Search\tests for Search">
      <UniqueIdentifier>{0f729a49-e9a4-44d2-ae42-a2b05d645ae1}</UniqueIdentifier>
    </Filter>
    <Filter Include="Файлы исходного кода\test for stat">
      <UniqueIdentifier>{a44b4866-acd4-4a19-8edc-10cdb81ac9df}</UniqueIdentifier>
    </Filter>
  </ItemGroup>
  <ItemGroup>
    <ClCompile Include="..\..\test\test_main.cpp">
      <Filter>Файлы исходного кода</Filter>
    </ClCompile>
    <ClCompile Include="..\..\checkers\ListOfCheckers.cpp">
      <Filter>Файлы ресурсов</Filter>
    </ClCompile>
    <ClCompile Include="..\..\checkers\Board.cpp">
      <Filter>Файлы ресурсов</Filter>
    </ClCompile>
    <ClCompile Include="..\..\checkers\FunctionsMove.cpp">
      <Filter>Файлы ресурсов</Filter>
    </ClCompile>
    <ClCompile Include="..\..\checkers\Generate.cpp">
      <Filter>Файлы ресурсов</Filter>
    </ClCompile>
    <ClCompile Include="..\..\checkers\Move.cpp">
      <Filter>Файлы ресурсов</Filter>
    </ClCompile>
    <ClCompile Include="..\..\checkers\Evaluate.cpp">
      <Filter>Файлы ресурсов</Filter>
    </ClCompile>
    <ClCompile Include="..\..\checkers\MakeMove.cpp">
      <Filter>Файлы ресурсов</Filter>
    </ClCompile>
    <ClCompile Include="..\..\test\test_Board.cpp">
      <Filter>Файлы исходного кода\tests for classes</Filter>
    </ClCompile>
    <ClCompile Include="..\..\test\test_Cache.cpp">
      <Filter>Файлы исходного кода\tests for classes</Filter>
    </ClCompile>
    <ClCompile Include="..\..\test\test_Checker.cpp">
      <Filter>Файлы исходного кода\tests for classes</Filter>
    </ClCompile>
    <ClCompile Include="..\..\test\test_ListOfCheckers.cpp">
      <Filter>Файлы исходного кода\tests for classes</Filter>
    </ClCompile>
    <ClCompile Include="..\..\test\test_Move.cpp">
      <Filter>Файлы исходного кода\tests for classes</Filter>
    </ClCompile>
    <ClCompile Include="..\..\test\test_Evaluate.cpp">
      <Filter>Файлы исходного кода\tests for BasicFunclions</Filter>
    </ClCompile>
    <ClCompile Include="..\..\test\test_FunctionsMove.cpp">
      <Filter>Файлы исходного кода\tests for BasicFunclions</Filter>
    </ClCompile>
    <ClCompile Include="..\..\test\test_Generate.cpp">
      <Filter>Файлы исходного кода\tests for BasicFunclions</Filter>
    </ClCompile>
    <ClCompile Include="..\..\test\test_MakeMove.cpp">
      <Filter>Файлы исходного кода\tests for BasicFunclions</Filter>
    </ClCompile>
    <ClCompile Include="..\..\test\functions for testing\TestSearch.cpp">
      <Filter>Файлы исходного кода\Search for testing</Filter>
    </ClCompile>
    <ClCompile Include="..\..\test\test_TestSearchAlphaBeta.cpp">
      <Filter>Файлы исходного кода\tests for Search\tests for TestSearch</Filter>
    </ClCompile>
    <ClCompile Include="..\..\test\test_TestSearch.cpp">
      <Filter>Файлы исходного кода\tests for Search\tests for TestSearch</Filter>
    </ClCompile>
    <ClCompile Include="..\..\checkers\Bot.cpp">
      <Filter>Файлы ресурсов</Filter>
    </ClCompile>
    <ClCompile Include="..\..\test\test_CallBot.cpp">
      <Filter>Файлы исходного кода</Filter>
    </ClCompile>
    <ClCompile Include="..\..\checkers\SearchForBot.cpp">
      <Filter>Файлы ресурсов</Filter>
    </ClCompile>
    <ClCompile Include="..\..\test\Test_Search.cpp">
      <Filter>Файлы исходного кода\tests for Search\tests for Search</Filter>
    </ClCompile>
    <ClCompile Include="..\..\checkers\Search.cpp">
      <Filter>Файлы ресурсов</Filter>
    </ClCompile>
    <ClCompile Include="..\..\statics_func\statistics_func.cpp">
      <Filter>Файлы ресурсов</Filter>
    </ClCompile>
    <ClCompile Include="..\..\test\test_statistics.cpp">
      <Filter>Файлы исходного кода\test for stat</Filter>
    </ClCompile>
  </ItemGroup>
</Project>